{
  "R": {
    "Version": "4.2.1",
    "Repositories": [
      {
        "Name": "CRAN",
        "URL": "https://packagemanager.posit.co/cran/latest"
      }
    ]
  },
  "Packages": {
    "KernSmooth": {
      "Package": "KernSmooth",
      "Version": "2.23-20",
      "Source": "Repository",
      "Repository": "CRAN",
      "Requirements": [
        "R",
        "stats"
      ],
      "Hash": "8dcfa99b14c296bc9f1fd64d52fd3ce7"
    },
    "MASS": {
      "Package": "MASS",
      "Version": "7.3-57",
      "Source": "Repository",
      "Repository": "CRAN",
      "Requirements": [
        "R",
        "grDevices",
        "graphics",
        "methods",
        "stats",
        "utils"
      ],
      "Hash": "71476c1d88d1ebdf31580e5a257d5d31"
    },
    "Matrix": {
      "Package": "Matrix",
      "Version": "1.5-4.1",
      "Source": "Repository",
      "Repository": "CRAN",
      "Requirements": [
        "R",
        "graphics",
        "grid",
        "lattice",
        "methods",
        "stats",
        "utils"
      ],
      "Hash": "38082d362d317745fb932e13956dccbb"
    },
    "PKI": {
      "Package": "PKI",
      "Version": "0.1-12",
      "Source": "Repository",
      "Repository": "CRAN",
      "Requirements": [
        "R",
        "base64enc"
      ],
      "Hash": "999d7960fe5a5fd98267d0b68fd10065"
    },
    "R6": {
      "Package": "R6",
      "Version": "2.5.1",
      "Source": "Repository",
      "Repository": "CRAN",
      "Requirements": [
        "R"
      ],
      "Hash": "470851b6d5d0ac559e9d01bb352b4021"
    },
    "RColorBrewer": {
      "Package": "RColorBrewer",
      "Version": "1.1-3",
      "Source": "Repository",
      "Repository": "CRAN",
      "Requirements": [
        "R"
      ],
      "Hash": "45f0398006e83a5b10b72a90663d8d8c"
    },
    "Rcpp": {
      "Package": "Rcpp",
      "Version": "1.0.12",
      "Source": "Repository",
      "Repository": "CRAN",
      "Requirements": [
        "methods",
        "utils"
      ],
      "Hash": "5ea2700d21e038ace58269ecdbeb9ec0"
    },
    "RcppEigen": {
      "Package": "RcppEigen",
      "Version": "0.3.4.0.0",
      "Source": "Repository",
      "Repository": "CRAN",
      "Requirements": [
        "R",
        "Rcpp",
        "stats",
        "utils"
      ],
      "Hash": "df49e3306f232ec28f1604e36a202847"
    },
    "Rsolnp": {
      "Package": "Rsolnp",
      "Version": "1.16",
      "Source": "Repository",
      "Repository": "CRAN",
      "Requirements": [
        "R",
        "parallel",
        "stats",
        "truncnorm"
      ],
      "Hash": "2cd14f57e6b9f0c22e6b458db5cfc710"
    },
    "TH.data": {
      "Package": "TH.data",
      "Version": "1.1-2",
      "Source": "Repository",
      "Repository": "CRAN",
      "Requirements": [
        "MASS",
        "R",
        "survival"
      ],
      "Hash": "5b250ad4c5863ee4a68e280fcb0a3600"
    },
    "askpass": {
      "Package": "askpass",
      "Version": "1.2.0",
      "Source": "Repository",
      "Repository": "CRAN",
      "Requirements": [
        "sys"
      ],
      "Hash": "cad6cf7f1d5f6e906700b9d3e718c796"
    },
    "base64enc": {
      "Package": "base64enc",
      "Version": "0.1-3",
      "Source": "Repository",
      "Repository": "CRAN",
      "Requirements": [
        "R"
      ],
      "Hash": "543776ae6848fde2f48ff3816d0628bc"
    },
    "broman": {
      "Package": "broman",
      "Version": "0.84",
      "Source": "Repository",
      "Repository": "CRAN",
      "Requirements": [
        "R",
        "ggplot2",
        "grDevices",
        "graphics",
        "grid",
        "stats",
        "utils"
      ],
      "Hash": "4dcbe8a40d058b93d5cebb5df4ab8c5c"
    },
    "bslib": {
      "Package": "bslib",
      "Version": "0.7.0",
      "Source": "Repository",
      "Repository": "CRAN",
      "Requirements": [
        "R",
        "base64enc",
        "cachem",
        "fastmap",
        "grDevices",
        "htmltools",
        "jquerylib",
        "jsonlite",
        "lifecycle",
        "memoise",
        "mime",
        "rlang",
        "sass"
      ],
      "Hash": "8644cc53f43828f19133548195d7e59e"
    },
    "cachem": {
      "Package": "cachem",
      "Version": "1.1.0",
      "Source": "Repository",
      "Repository": "CRAN",
      "Requirements": [
        "fastmap",
        "rlang"
      ],
      "Hash": "cd9a672193789068eb5a2aad65a0dedf"
    },
    "class": {
      "Package": "class",
      "Version": "7.3-20",
      "Source": "Repository",
      "Repository": "CRAN",
      "Requirements": [
        "MASS",
        "R",
        "stats",
        "utils"
      ],
      "Hash": "da09d82223e669d270e47ed24ac8686e"
    },
    "classInt": {
      "Package": "classInt",
      "Version": "0.4-10",
      "Source": "Repository",
      "Repository": "CRAN",
      "Requirements": [
        "KernSmooth",
        "R",
        "class",
        "e1071",
        "grDevices",
        "graphics",
        "stats"
      ],
      "Hash": "f5a40793b1ae463a7ffb3902a95bf864"
    },
    "cli": {
      "Package": "cli",
      "Version": "3.6.2",
      "Source": "Repository",
      "Repository": "CRAN",
      "Requirements": [
        "R",
        "utils"
      ],
      "Hash": "1216ac65ac55ec0058a6f75d7ca0fd52"
    },
    "cmm": {
      "Package": "cmm",
      "Version": "1.0",
      "Source": "Repository",
      "Repository": "CRAN",
      "Hash": "65055dde7f551aa1b017c8cccb4ea883"
    },
    "codetools": {
      "Package": "codetools",
      "Version": "0.2-18",
      "Source": "Repository",
      "Repository": "CRAN",
      "Requirements": [
        "R"
      ],
      "Hash": "019388fc48e48b3da0d3a76ff94608a8"
    },
    "coin": {
      "Package": "coin",
      "Version": "1.4-3",
      "Source": "Repository",
      "Repository": "CRAN",
      "Requirements": [
        "R",
        "libcoin",
        "matrixStats",
        "methods",
        "modeltools",
        "multcomp",
        "mvtnorm",
        "parallel",
        "stats",
        "stats4",
        "survival",
        "utils"
      ],
      "Hash": "4084b5070a40ad99dad581ed3b67bd55"
    },
    "colorspace": {
      "Package": "colorspace",
      "Version": "2.1-0",
      "Source": "Repository",
      "Repository": "CRAN",
      "Requirements": [
        "R",
        "grDevices",
        "graphics",
        "methods",
        "stats"
      ],
      "Hash": "f20c47fd52fae58b4e377c37bb8c335b"
    },
    "commonmark": {
      "Package": "commonmark",
      "Version": "1.9.1",
      "Source": "Repository",
      "Repository": "CRAN",
      "Hash": "5d8225445acb167abf7797de48b2ee3c"
    },
    "crayon": {
      "Package": "crayon",
      "Version": "1.5.3",
      "Source": "Repository",
      "Repository": "CRAN",
      "Requirements": [
        "grDevices",
        "methods",
        "utils"
      ],
      "Hash": "859d96e65ef198fd43e82b9628d593ef"
    },
    "crul": {
      "Package": "crul",
      "Version": "1.4.0",
      "Source": "Repository",
      "Repository": "CRAN",
      "Requirements": [
        "R6",
        "curl",
        "httpcode",
        "jsonlite",
        "mime",
        "urltools"
      ],
      "Hash": "1eb00a531331c91d970f3af74b75321f"
    },
    "curl": {
      "Package": "curl",
      "Version": "5.2.1",
      "Source": "Repository",
      "Repository": "CRAN",
      "Requirements": [
        "R"
      ],
      "Hash": "411ca2c03b1ce5f548345d2fc2685f7a"
    },
    "digest": {
      "Package": "digest",
      "Version": "0.6.35",
      "Source": "Repository",
      "Repository": "CRAN",
      "Requirements": [
        "R",
        "utils"
      ],
      "Hash": "698ece7ba5a4fa4559e3d537e7ec3d31"
    },
    "dplyr": {
      "Package": "dplyr",
      "Version": "1.1.4",
      "Source": "Repository",
      "Repository": "CRAN",
      "Requirements": [
        "R",
        "R6",
        "cli",
        "generics",
        "glue",
        "lifecycle",
        "magrittr",
        "methods",
        "pillar",
        "rlang",
        "tibble",
        "tidyselect",
        "utils",
        "vctrs"
      ],
      "Hash": "fedd9d00c2944ff00a0e2696ccf048ec"
    },
    "e1071": {
      "Package": "e1071",
      "Version": "1.7-14",
      "Source": "Repository",
      "Repository": "CRAN",
      "Requirements": [
        "class",
        "grDevices",
        "graphics",
        "methods",
        "proxy",
        "stats",
        "utils"
      ],
      "Hash": "4ef372b716824753719a8a38b258442d"
    },
    "fansi": {
      "Package": "fansi",
      "Version": "1.0.6",
      "Source": "Repository",
      "Repository": "CRAN",
      "Requirements": [
        "R",
        "grDevices",
        "utils"
      ],
      "Hash": "962174cf2aeb5b9eea581522286a911f"
    },
    "farver": {
      "Package": "farver",
      "Version": "2.1.2",
      "Source": "Repository",
      "Repository": "CRAN",
      "Hash": "680887028577f3fa2a81e410ed0d6e42"
    },
    "fastmap": {
      "Package": "fastmap",
      "Version": "1.2.0",
      "Source": "Repository",
      "Repository": "CRAN",
      "Hash": "aa5e1cd11c2d15497494c5292d7ffcc8"
    },
    "fontawesome": {
      "Package": "fontawesome",
      "Version": "0.5.2",
      "Source": "Repository",
      "Repository": "CRAN",
      "Requirements": [
        "R",
        "htmltools",
        "rlang"
      ],
      "Hash": "c2efdd5f0bcd1ea861c2d4e2a883a67d"
    },
    "foreign": {
      "Package": "foreign",
      "Version": "0.8-82",
      "Source": "Repository",
      "Repository": "CRAN",
      "Requirements": [
        "R",
        "methods",
        "stats",
        "utils"
      ],
      "Hash": "32b25c97ce306a760c4d9f787991b5d9"
    },
    "fs": {
      "Package": "fs",
      "Version": "1.6.4",
      "Source": "Repository",
      "Repository": "CRAN",
      "Requirements": [
        "R",
        "methods"
      ],
      "Hash": "15aeb8c27f5ea5161f9f6a641fafd93a"
    },
    "generics": {
      "Package": "generics",
      "Version": "0.1.3",
      "Source": "Repository",
      "Repository": "CRAN",
      "Requirements": [
        "R",
        "methods"
      ],
      "Hash": "15e9634c0fcd294799e9b2e929ed1b86"
    },
    "ggplot2": {
      "Package": "ggplot2",
      "Version": "3.5.1",
      "Source": "Repository",
      "Repository": "CRAN",
      "Requirements": [
        "MASS",
        "R",
        "cli",
        "glue",
        "grDevices",
        "grid",
        "gtable",
        "isoband",
        "lifecycle",
        "mgcv",
        "rlang",
        "scales",
        "stats",
        "tibble",
        "vctrs",
        "withr"
      ],
      "Hash": "44c6a2f8202d5b7e878ea274b1092426"
    },
    "glue": {
      "Package": "glue",
      "Version": "1.7.0",
      "Source": "Repository",
      "Repository": "CRAN",
      "Requirements": [
        "R",
        "methods"
      ],
      "Hash": "e0b3a53876554bd45879e596cdb10a52"
    },
    "gtable": {
      "Package": "gtable",
      "Version": "0.3.5",
      "Source": "Repository",
      "Repository": "CRAN",
      "Requirements": [
        "R",
        "cli",
        "glue",
        "grid",
        "lifecycle",
        "rlang"
      ],
      "Hash": "e18861963cbc65a27736e02b3cd3c4a0"
    },
    "htmltools": {
      "Package": "htmltools",
      "Version": "0.5.8.1",
      "Source": "Repository",
      "Repository": "CRAN",
      "Requirements": [
        "R",
        "base64enc",
        "digest",
        "fastmap",
        "grDevices",
        "rlang",
        "utils"
      ],
      "Hash": "81d371a9cc60640e74e4ab6ac46dcedc"
    },
    "httpcode": {
      "Package": "httpcode",
      "Version": "0.3.0",
      "Source": "Repository",
      "Repository": "CRAN",
      "Hash": "13641a1c6d2cc98801b76764078e17ea"
    },
    "httpuv": {
      "Package": "httpuv",
      "Version": "1.6.15",
      "Source": "Repository",
      "Repository": "CRAN",
      "Requirements": [
        "R",
        "R6",
        "Rcpp",
        "later",
        "promises",
        "utils"
      ],
      "Hash": "d55aa087c47a63ead0f6fc10f8fa1ee0"
    },
    "httr": {
      "Package": "httr",
      "Version": "1.4.7",
      "Source": "Repository",
      "Repository": "CRAN",
      "Requirements": [
        "R",
        "R6",
        "curl",
        "jsonlite",
        "mime",
        "openssl"
      ],
      "Hash": "ac107251d9d9fd72f0ca8049988f1d7f"
    },
    "isoband": {
      "Package": "isoband",
      "Version": "0.2.7",
      "Source": "Repository",
      "Repository": "CRAN",
      "Requirements": [
        "grid",
        "utils"
      ],
      "Hash": "0080607b4a1a7b28979aecef976d8bc2"
    },
    "jquerylib": {
      "Package": "jquerylib",
      "Version": "0.1.4",
      "Source": "Repository",
      "Repository": "CRAN",
      "Requirements": [
        "htmltools"
      ],
      "Hash": "5aab57a3bd297eee1c1d862735972182"
    },
    "jsonlite": {
      "Package": "jsonlite",
      "Version": "1.8.8",
      "Source": "Repository",
      "Repository": "CRAN",
      "Requirements": [
        "methods"
      ],
      "Hash": "e1b9c55281c5adc4dd113652d9e26768"
    },
    "labeling": {
      "Package": "labeling",
      "Version": "0.4.3",
      "Source": "Repository",
      "Repository": "CRAN",
      "Requirements": [
        "graphics",
        "stats"
      ],
      "Hash": "b64ec208ac5bc1852b285f665d6368b3"
    },
    "later": {
      "Package": "later",
      "Version": "1.3.2",
      "Source": "Repository",
      "Repository": "CRAN",
      "Requirements": [
        "Rcpp",
        "rlang"
      ],
      "Hash": "a3e051d405326b8b0012377434c62b37"
    },
    "lattice": {
      "Package": "lattice",
      "Version": "0.20-45",
      "Source": "Repository",
      "Repository": "CRAN",
      "Requirements": [
        "R",
        "grDevices",
        "graphics",
        "grid",
        "stats",
        "utils"
      ],
      "Hash": "b64cdbb2b340437c4ee047a1f4c4377b"
    },
    "libcoin": {
      "Package": "libcoin",
      "Version": "1.0-10",
      "Source": "Repository",
      "Repository": "CRAN",
      "Requirements": [
        "R",
        "mvtnorm",
        "stats"
      ],
      "Hash": "3f3775a14588ff5d013e5eab4453bf28"
    },
    "lifecycle": {
      "Package": "lifecycle",
      "Version": "1.0.4",
      "Source": "Repository",
      "Repository": "CRAN",
      "Requirements": [
        "R",
        "cli",
        "glue",
        "rlang"
      ],
      "Hash": "b8552d117e1b808b09a832f589b79035"
    },
    "magrittr": {
      "Package": "magrittr",
      "Version": "2.0.3",
      "Source": "Repository",
      "Repository": "CRAN",
      "Requirements": [
        "R"
      ],
      "Hash": "7ce2733a9826b3aeb1775d56fd305472"
    },
    "matrixStats": {
      "Package": "matrixStats",
      "Version": "1.3.0",
      "Source": "Repository",
      "Repository": "CRAN",
      "Requirements": [
        "R"
      ],
      "Hash": "4b3ea27a19d669c0405b38134d89a9d1"
    },
    "memoise": {
      "Package": "memoise",
      "Version": "2.0.1",
      "Source": "Repository",
      "Repository": "CRAN",
      "Requirements": [
        "cachem",
        "rlang"
      ],
      "Hash": "e2817ccf4a065c5d9d7f2cfbe7c1d78c"
    },
    "mgcv": {
      "Package": "mgcv",
      "Version": "1.8-40",
      "Source": "Repository",
      "Repository": "CRAN",
      "Requirements": [
        "Matrix",
        "R",
        "graphics",
        "methods",
        "nlme",
        "splines",
        "stats",
        "utils"
      ],
      "Hash": "c6b2fdb18cf68ab613bd564363e1ba0d"
    },
    "mime": {
      "Package": "mime",
      "Version": "0.12",
      "Source": "Repository",
      "Repository": "CRAN",
      "Requirements": [
        "tools"
      ],
      "Hash": "18e9c28c1d3ca1560ce30658b22ce104"
    },
    "mipfp": {
      "Package": "mipfp",
      "Version": "3.2.1",
      "Source": "Repository",
      "Repository": "CRAN",
      "Requirements": [
        "R",
        "Rsolnp",
        "cmm",
        "numDeriv"
      ],
      "Hash": "ce13de73ae0f9a2ef674827250738f44"
    },
    "modeltools": {
      "Package": "modeltools",
      "Version": "0.2-23",
      "Source": "Repository",
      "Repository": "CRAN",
      "Requirements": [
        "methods",
        "stats",
        "stats4"
      ],
      "Hash": "f5a957c02222589bdf625a67be68b2a9"
    },
    "multcomp": {
      "Package": "multcomp",
      "Version": "1.4-26",
      "Source": "Repository",
      "Repository": "CRAN",
      "Requirements": [
        "TH.data",
        "codetools",
        "graphics",
        "mvtnorm",
        "sandwich",
        "stats",
        "survival"
      ],
      "Hash": "ec6f951a557132215fab91912acdd9ef"
    },
    "munsell": {
      "Package": "munsell",
      "Version": "0.5.1",
      "Source": "Repository",
      "Repository": "CRAN",
      "Requirements": [
        "colorspace",
        "methods"
      ],
      "Hash": "4fd8900853b746af55b81fda99da7695"
    },
    "mvtnorm": {
      "Package": "mvtnorm",
      "Version": "1.2-5",
      "Source": "Repository",
      "Repository": "CRAN",
      "Requirements": [
        "R",
        "stats"
      ],
      "Hash": "4d1891e59ac7a12b4e7e8a69349125f1"
    },
    "nlme": {
      "Package": "nlme",
      "Version": "3.1-157",
      "Source": "Repository",
      "Repository": "CRAN",
      "Requirements": [
        "R",
        "graphics",
        "lattice",
        "stats",
        "utils"
      ],
      "Hash": "dbca60742be0c9eddc5205e5c7ca1f44"
    },
    "nnet": {
      "Package": "nnet",
      "Version": "7.3-17",
      "Source": "Repository",
      "Repository": "CRAN",
      "Requirements": [
        "R",
        "stats",
        "utils"
      ],
      "Hash": "cb1d8d9f300a7e536b89c8a88c53f610"
    },
    "numDeriv": {
      "Package": "numDeriv",
      "Version": "2016.8-1.1",
      "Source": "Repository",
      "Repository": "CRAN",
      "Requirements": [
        "R"
      ],
      "Hash": "df58958f293b166e4ab885ebcad90e02"
    },
    "openssl": {
      "Package": "openssl",
      "Version": "2.2.0",
      "Source": "Repository",
      "Repository": "CRAN",
      "Requirements": [
        "askpass"
      ],
      "Hash": "2bcca3848e4734eb3b16103bc9aa4b8e"
    },
    "osfr": {
      "Package": "osfr",
      "Version": "0.2.9",
      "Source": "GitHub",
      "RemoteType": "github",
      "RemoteHost": "api.github.com",
      "RemoteRepo": "osfr",
      "RemoteUsername": "ropensci",
      "RemoteRef": "HEAD",
      "RemoteSha": "c4e3c446730b0b8145da8a920d208dd55ef2a761",
      "Requirements": [
        "R",
        "crul",
        "fs",
        "httr",
        "jsonlite",
        "memoise",
        "purrr",
        "rlang",
        "stringi",
        "tibble"
      ],
      "Hash": "f9c98492a5c73dd9715921f5dec9dc38"
    },
    "packrat": {
      "Package": "packrat",
      "Version": "0.8.1",
      "Source": "Repository",
      "Repository": "CRAN",
      "Requirements": [
        "R",
        "tools",
        "utils"
      ],
      "Hash": "d84055adcb6bb1f4f0ce8c5f235bc328"
    },
    "party": {
      "Package": "party",
      "Version": "1.3-15",
      "Source": "Repository",
      "Repository": "CRAN",
      "Requirements": [
        "R",
        "coin",
        "grid",
        "methods",
        "modeltools",
        "mvtnorm",
        "sandwich",
        "stats",
        "strucchange",
        "survival",
        "zoo"
      ],
      "Hash": "aea187fdfca470c24c9c882bc5a523e8"
    },
    "pillar": {
      "Package": "pillar",
      "Version": "1.9.0",
      "Source": "Repository",
      "Repository": "CRAN",
      "Requirements": [
        "cli",
        "fansi",
        "glue",
        "lifecycle",
        "rlang",
        "utf8",
        "utils",
        "vctrs"
      ],
      "Hash": "15da5a8412f317beeee6175fbc76f4bb"
    },
    "pkgconfig": {
      "Package": "pkgconfig",
      "Version": "2.0.3",
      "Source": "Repository",
      "Repository": "CRAN",
      "Requirements": [
        "utils"
      ],
      "Hash": "01f28d4278f15c76cddbea05899c5d6f"
    },
    "plyr": {
      "Package": "plyr",
      "Version": "1.8.9",
      "Source": "Repository",
      "Repository": "CRAN",
      "Requirements": [
        "R",
        "Rcpp"
      ],
      "Hash": "6b8177fd19982f0020743fadbfdbd933"
    },
    "polspline": {
      "Package": "polspline",
      "Version": "1.1.25",
      "Source": "Repository",
      "Repository": "CRAN",
      "Requirements": [
        "graphics",
        "stats"
      ],
      "Hash": "3e521dc3f358821bb25cd0018f0d0bb8"
    },
    "promises": {
      "Package": "promises",
      "Version": "1.3.0",
      "Source": "Repository",
      "Repository": "CRAN",
      "Requirements": [
        "R6",
        "Rcpp",
        "fastmap",
        "later",
        "magrittr",
        "rlang",
        "stats"
      ],
      "Hash": "434cd5388a3979e74be5c219bcd6e77d"
    },
    "proto": {
      "Package": "proto",
      "Version": "1.0.0",
      "Source": "Repository",
      "Repository": "CRAN",
      "Hash": "5cb1623df69ee6102d011c7f78f5791d"
    },
    "proxy": {
      "Package": "proxy",
      "Version": "0.4-27",
      "Source": "Repository",
      "Repository": "CRAN",
      "Requirements": [
        "R",
        "stats",
        "utils"
      ],
      "Hash": "e0ef355c12942cf7a6b91a6cfaea8b3e"
    },
    "purrr": {
      "Package": "purrr",
      "Version": "1.0.2",
      "Source": "Repository",
      "Repository": "CRAN",
      "Requirements": [
        "R",
        "cli",
        "lifecycle",
        "magrittr",
        "rlang",
        "vctrs"
      ],
      "Hash": "1cba04a4e9414bdefc9dcaa99649a8dc"
    },
    "randomForest": {
      "Package": "randomForest",
      "Version": "4.7-1.1",
      "Source": "Repository",
      "Repository": "CRAN",
      "Requirements": [
        "R",
        "stats"
      ],
      "Hash": "b52825075358b1ebd159e262bf40649d"
    },
    "ranger": {
      "Package": "ranger",
      "Version": "0.16.0",
      "Source": "Repository",
      "Repository": "CRAN",
      "Requirements": [
        "Matrix",
        "R",
        "Rcpp",
        "RcppEigen"
      ],
      "Hash": "d5ca3a8d00f088042ea3b638534e0f3d"
    },
    "rappdirs": {
      "Package": "rappdirs",
      "Version": "0.3.3",
      "Source": "Repository",
      "Repository": "CRAN",
      "Requirements": [
        "R"
      ],
      "Hash": "5e3c5dc0b071b21fa128676560dbe94d"
    },
    "renv": {
      "Package": "renv",
      "Version": "1.0.3",
      "Source": "Repository",
      "Repository": "CRAN",
      "Requirements": [
        "utils"
      ],
      "Hash": "41b847654f567341725473431dd0d5ab"
    },
    "rlang": {
      "Package": "rlang",
      "Version": "1.1.3",
      "Source": "Repository",
      "Repository": "CRAN",
      "Requirements": [
        "R",
        "utils"
      ],
      "Hash": "42548638fae05fd9a9b5f3f437fbbbe2"
    },
    "rmutil": {
      "Package": "rmutil",
      "Version": "1.1.10",
      "Source": "Repository",
      "Repository": "CRAN",
      "Requirements": [
        "R"
      ],
      "Hash": "79c22a87416140a5c2252be2f89938dd"
    },
    "rpart": {
      "Package": "rpart",
      "Version": "4.1.16",
      "Source": "Repository",
      "Repository": "CRAN",
      "Requirements": [
        "R",
        "grDevices",
        "graphics",
        "stats"
      ],
      "Hash": "ea3ca1d9473daabb3cd0f1b4f974c1ed"
    },
    "rsconnect": {
      "Package": "rsconnect",
      "Version": "1.3.1",
      "Source": "Repository",
      "Repository": "CRAN",
      "Requirements": [
        "PKI",
        "R",
        "cli",
        "curl",
        "digest",
        "jsonlite",
        "lifecycle",
        "openssl",
        "packrat",
        "renv",
        "rlang",
        "rstudioapi",
        "tools",
        "yaml"
      ],
      "Hash": "90dc9ac04cec50f25657b077d4aaca57"
    },
    "rstudioapi": {
      "Package": "rstudioapi",
      "Version": "0.16.0",
      "Source": "Repository",
      "Repository": "CRAN",
      "Hash": "96710351d642b70e8f02ddeb237c46a7"
    },
    "sandwich": {
      "Package": "sandwich",
      "Version": "3.1-0",
      "Source": "Repository",
      "Repository": "CRAN",
      "Requirements": [
        "R",
        "stats",
        "utils",
        "zoo"
      ],
      "Hash": "1cf6ae532f0179350862fefeb0987c9b"
    },
    "sass": {
      "Package": "sass",
      "Version": "0.4.9",
      "Source": "Repository",
      "Repository": "CRAN",
      "Requirements": [
        "R6",
        "fs",
        "htmltools",
        "rappdirs",
        "rlang"
      ],
      "Hash": "d53dbfddf695303ea4ad66f86e99b95d"
    },
    "scales": {
      "Package": "scales",
      "Version": "1.3.0",
      "Source": "Repository",
      "Repository": "CRAN",
      "Requirements": [
        "R",
        "R6",
        "RColorBrewer",
        "cli",
        "farver",
        "glue",
        "labeling",
        "lifecycle",
        "munsell",
        "rlang",
        "viridisLite"
      ],
      "Hash": "c19df082ba346b0ffa6f833e92de34d1"
    },
    "shiny": {
      "Package": "shiny",
      "Version": "1.8.1.1",
      "Source": "Repository",
      "Repository": "CRAN",
      "Requirements": [
        "R",
        "R6",
        "bslib",
        "cachem",
        "commonmark",
        "crayon",
        "fastmap",
        "fontawesome",
        "glue",
        "grDevices",
        "htmltools",
        "httpuv",
        "jsonlite",
        "later",
        "lifecycle",
        "methods",
        "mime",
        "promises",
        "rlang",
        "sourcetools",
        "tools",
        "utils",
        "withr",
        "xtable"
      ],
      "Hash": "54b26646816af9960a4c64d8ceec75d6"
    },
    "sourcetools": {
      "Package": "sourcetools",
      "Version": "0.1.7-1",
      "Source": "Repository",
      "Repository": "CRAN",
      "Requirements": [
        "R"
      ],
      "Hash": "5f5a7629f956619d519205ec475fe647"
    },
    "stringi": {
      "Package": "stringi",
      "Version": "1.8.4",
      "Source": "Repository",
      "Repository": "CRAN",
      "Requirements": [
        "R",
        "stats",
        "tools",
        "utils"
      ],
      "Hash": "39e1144fd75428983dc3f63aa53dfa91"
    },
    "stringr": {
      "Package": "stringr",
      "Version": "1.5.1",
      "Source": "Repository",
      "Repository": "CRAN",
      "Requirements": [
        "R",
        "cli",
        "glue",
        "lifecycle",
        "magrittr",
        "rlang",
        "stringi",
        "vctrs"
      ],
      "Hash": "960e2ae9e09656611e0b8214ad543207"
    },
    "strucchange": {
      "Package": "strucchange",
      "Version": "1.5-3",
      "Source": "Repository",
      "Repository": "CRAN",
      "Requirements": [
        "R",
        "graphics",
        "sandwich",
        "stats",
        "utils",
        "zoo"
      ],
      "Hash": "aa3491f18768e967e782cca982c5f55b"
    },
    "survival": {
      "Package": "survival",
      "Version": "3.3-1",
      "Source": "Repository",
      "Repository": "CRAN",
      "Requirements": [
        "Matrix",
        "R",
        "graphics",
        "methods",
        "splines",
        "stats",
        "utils"
      ],
      "Hash": "f6189c70451d3d68e0d571235576e833"
    },
    "synthpop": {
      "Package": "synthpop",
      "Version": "1.8-0",
      "Source": "GitHub",
      "RemoteType": "github",
      "RemoteHost": "api.github.com",
      "RemoteRepo": "synthpop",
      "RemoteUsername": "bnowok",
      "RemoteRef": "HEAD",
      "RemoteSha": "0d013c5cfd0c48f911f20e026f535e9bd415351d",
      "Requirements": [
        "MASS",
        "broman",
        "classInt",
        "foreign",
        "ggplot2",
        "graphics",
        "lattice",
        "methods",
        "mipfp",
        "nnet",
        "party",
        "plyr",
        "polspline",
        "proto",
        "randomForest",
        "ranger",
        "rmutil",
        "rpart",
        "stats",
        "stringr",
        "survival",
        "utils"
      ],
      "Hash": "825a7ef3fc964e6e275210050af9a44b"
    },
    "sys": {
      "Package": "sys",
      "Version": "3.4.2",
      "Source": "Repository",
      "Repository": "CRAN",
      "Hash": "3a1be13d68d47a8cd0bfd74739ca1555"
    },
    "tibble": {
      "Package": "tibble",
      "Version": "3.2.1",
      "Source": "Repository",
      "Repository": "CRAN",
      "Requirements": [
        "R",
        "fansi",
        "lifecycle",
        "magrittr",
        "methods",
        "pillar",
        "pkgconfig",
        "rlang",
        "utils",
        "vctrs"
      ],
      "Hash": "a84e2cc86d07289b3b6f5069df7a004c"
    },
    "tidyselect": {
      "Package": "tidyselect",
      "Version": "1.2.1",
      "Source": "Repository",
      "Repository": "CRAN",
      "Requirements": [
        "R",
        "cli",
        "glue",
        "lifecycle",
        "rlang",
        "vctrs",
        "withr"
      ],
      "Hash": "829f27b9c4919c16b593794a6344d6c0"
    },
    "triebeard": {
      "Package": "triebeard",
      "Version": "0.4.1",
      "Source": "Repository",
      "Repository": "CRAN",
      "Requirements": [
        "Rcpp"
      ],
      "Hash": "642507a148b0dd9b5620177e0a044413"
    },
    "truncnorm": {
      "Package": "truncnorm",
      "Version": "1.0-9",
      "Source": "Repository",
      "Repository": "CRAN",
      "Requirements": [
        "R"
      ],
      "Hash": "ef5b32c5194351ff409dfb37ca9468f1"
    },
    "urltools": {
      "Package": "urltools",
      "Version": "1.7.3",
      "Source": "Repository",
      "Repository": "CRAN",
      "Requirements": [
        "R",
        "Rcpp",
        "methods",
        "triebeard"
      ],
      "Hash": "e86a704261a105f4703f653e05defa3e"
    },
    "utf8": {
      "Package": "utf8",
      "Version": "1.2.4",
      "Source": "Repository",
      "Repository": "CRAN",
      "Requirements": [
        "R"
      ],
      "Hash": "62b65c52671e6665f803ff02954446e9"
    },
    "vctrs": {
      "Package": "vctrs",
      "Version": "0.6.5",
      "Source": "Repository",
      "Repository": "CRAN",
      "Requirements": [
        "R",
        "cli",
        "glue",
        "lifecycle",
        "rlang"
      ],
      "Hash": "c03fa420630029418f7e6da3667aac4a"
    },
    "viridisLite": {
      "Package": "viridisLite",
      "Version": "0.4.2",
      "Source": "Repository",
      "Repository": "CRAN",
      "Requirements": [
        "R"
      ],
      "Hash": "c826c7c4241b6fc89ff55aaea3fa7491"
    },
    "withr": {
      "Package": "withr",
      "Version": "3.0.0",
      "Source": "Repository",
      "Repository": "CRAN",
      "Requirements": [
        "R",
        "grDevices",
        "graphics"
      ],
      "Hash": "d31b6c62c10dcf11ec530ca6b0dd5d35"
    },
    "xtable": {
      "Package": "xtable",
      "Version": "1.8-4",
      "Source": "Repository",
      "Repository": "CRAN",
      "Requirements": [
        "R",
        "stats",
        "utils"
      ],
      "Hash": "b8acdf8af494d9ec19ccb2481a9b11c2"
    },
    "yaml": {
      "Package": "yaml",
      "Version": "2.3.8",
      "Source": "Repository",
      "Repository": "CRAN",
      "Hash": "29240487a071f535f5e5d5a323b7afbd"
    },
    "zoo": {
      "Package": "zoo",
      "Version": "1.8-12",
      "Source": "Repository",
      "Repository": "CRAN",
      "Requirements": [
        "R",
        "grDevices",
        "graphics",
        "lattice",
        "stats",
        "utils"
      ],
      "Hash": "5c715954112b45499fb1dadc6ee6ee3e"
    }
  }
}
